
Microsoft Visual Studio Solution File, Format Version 12.00
# Visual Studio Version 16
VisualStudioVersion = 16.0.29926.136
MinimumVisualStudioVersion = 10.0.40219.1
Project("{9A19103F-16F7-4668-BE54-9A1E7A4F7556}") = "GraphQLAPI", "GraphQLAPI\GraphQLAPI.csproj", "{0B186D96-327B-4119-BABE-E226CB7E891E}"
EndProject
Project("{9A19103F-16F7-4668-BE54-9A1E7A4F7556}") = "Geography", "Geography\Geography.csproj", "{FEC89020-9E0C-4115-9228-5BC78C4195F9}"
EndProject
Project("{E53339B2-1760-4266-BCC7-CA923CBCF16C}") = "docker-compose", "docker-compose.dcproj", "{80CA8D38-43A9-4CBA-BDC6-FA4EEBB4A9B4}"
EndProject
Global
	GlobalSection(SolutionConfigurationPlatforms) = preSolution
		Debug|Any CPU = Debug|Any CPU
		Release|Any CPU = Release|Any CPU
	EndGlobalSection
	GlobalSection(ProjectConfigurationPlatforms) = postSolution
		{0B186D96-327B-4119-BABE-E226CB7E891E}.Debug|Any CPU.ActiveCfg = Debug|Any CPU
		{0B186D96-327B-4119-BABE-E226CB7E891E}.Debug|Any CPU.Build.0 = Debug|Any CPU
		{0B186D96-327B-4119-BABE-E226CB7E891E}.Release|Any CPU.ActiveCfg = Release|Any CPU
		{0B186D96-327B-4119-BABE-E226CB7E891E}.Release|Any CPU.Build.0 = Release|Any CPU
		{FEC89020-9E0C-4115-9228-5BC78C4195F9}.Debug|Any CPU.ActiveCfg = Debug|Any CPU
		{FEC89020-9E0C-4115-9228-5BC78C4195F9}.Debug|Any CPU.Build.0 = Debug|Any CPU
		{FEC89020-9E0C-4115-9228-5BC78C4195F9}.Release|Any CPU.ActiveCfg = Release|Any CPU
		{FEC89020-9E0C-4115-9228-5BC78C4195F9}.Release|Any CPU.Build.0 = Release|Any CPU
		{80CA8D38-43A9-4CBA-BDC6-FA4EEBB4A9B4}.Debug|Any CPU.ActiveCfg = Debug|Any CPU
		{80CA8D38-43A9-4CBA-BDC6-FA4EEBB4A9B4}.Debug|Any CPU.Build.0 = Debug|Any CPU
		{80CA8D38-43A9-4CBA-BDC6-FA4EEBB4A9B4}.Release|Any CPU.ActiveCfg = Release|Any CPU
		{80CA8D38-43A9-4CBA-BDC6-FA4EEBB4A9B4}.Release|Any CPU.Build.0 = Release|Any CPU
	EndGlobalSection
	GlobalSection(SolutionProperties) = preSolution
		HideSolutionNode = FALSE
	EndGlobalSection
	GlobalSection(ExtensibilityGlobals) = postSolution
		SolutionGuid = {28DCD1FC-AD7A-40C6-88D1-F3613164EAF0}
	EndGlobalSection
EndGlobal
